
Microsoft Visual Studio Solution File, Format Version 12.00
# Visual Studio 15
VisualStudioVersion = 15.0.28307.421
MinimumVisualStudioVersion = 10.0.40219.1
Project("{FAE04EC0-301F-11D3-BF4B-00C04F79EFBC}") = "TelegramBot v2", "TelegramBot v2\TelegramBot v2.csproj", "{B0796DFC-FBE2-452C-BFAB-25F808742F3A}"
EndProject
Global
	GlobalSection(SolutionConfigurationPlatforms) = preSolution
		Debug|Any CPU = Debug|Any CPU
		Release|Any CPU = Release|Any CPU
	EndGlobalSection
	GlobalSection(ProjectConfigurationPlatforms) = postSolution
		{B0796DFC-FBE2-452C-BFAB-25F808742F3A}.Debug|Any CPU.ActiveCfg = Debug|Any CPU
		{B0796DFC-FBE2-452C-BFAB-25F808742F3A}.Debug|Any CPU.Build.0 = Debug|Any CPU
		{B0796DFC-FBE2-452C-BFAB-25F808742F3A}.Release|Any CPU.ActiveCfg = Release|Any CPU
		{B0796DFC-FBE2-452C-BFAB-25F808742F3A}.Release|Any CPU.Build.0 = Release|Any CPU
	EndGlobalSection
	GlobalSection(SolutionProperties) = preSolution
		HideSolutionNode = FALSE
	EndGlobalSection
	GlobalSection(ExtensibilityGlobals) = postSolution
		SolutionGuid = {8584446F-AA8B-4653-99EF-D236A993DCEA}
	EndGlobalSection
EndGlobal
